
Microsoft Visual Studio Solution File, Format Version 12.00
# Visual Studio Version 17
VisualStudioVersion = 17.14.36429.23 d17.14
MinimumVisualStudioVersion = 10.0.40219.1
Project("{FAE04EC0-301F-11D3-BF4B-00C04F79EFBC}") = "Laboratorio11", "Laboratorio11\Laboratorio11.csproj", "{74F236D0-DFF3-4F2F-8FF4-6031CB81117F}"
EndProject
Global
	GlobalSection(SolutionConfigurationPlatforms) = preSolution
		Debug|Any CPU = Debug|Any CPU
		Release|Any CPU = Release|Any CPU
	EndGlobalSection
	GlobalSection(ProjectConfigurationPlatforms) = postSolution
		{74F236D0-DFF3-4F2F-8FF4-6031CB81117F}.Debug|Any CPU.ActiveCfg = Debug|Any CPU
		{74F236D0-DFF3-4F2F-8FF4-6031CB81117F}.Debug|Any CPU.Build.0 = Debug|Any CPU
		{74F236D0-DFF3-4F2F-8FF4-6031CB81117F}.Release|Any CPU.ActiveCfg = Release|Any CPU
		{74F236D0-DFF3-4F2F-8FF4-6031CB81117F}.Release|Any CPU.Build.0 = Release|Any CPU
	EndGlobalSection
	GlobalSection(SolutionProperties) = preSolution
		HideSolutionNode = FALSE
	EndGlobalSection
	GlobalSection(ExtensibilityGlobals) = postSolution
		SolutionGuid = {A61AA5C6-A09A-4180-A768-F2BA8B9A1B66}
	EndGlobalSection
EndGlobal
