
Microsoft Visual Studio Solution File, Format Version 12.00
# Visual Studio Version 17
VisualStudioVersion = 17.14.36429.23 d17.14
MinimumVisualStudioVersion = 10.0.40219.1
Project("{FAE04EC0-301F-11D3-BF4B-00C04F79EFBC}") = "SemestralMS", "SemestralMS\SemestralMS.csproj", "{FD3D6E2B-9D37-4EDD-9BFC-92BD92192D6C}"
EndProject
Global
	GlobalSection(SolutionConfigurationPlatforms) = preSolution
		Debug|Any CPU = Debug|Any CPU
		Release|Any CPU = Release|Any CPU
	EndGlobalSection
	GlobalSection(ProjectConfigurationPlatforms) = postSolution
		{FD3D6E2B-9D37-4EDD-9BFC-92BD92192D6C}.Debug|Any CPU.ActiveCfg = Debug|Any CPU
		{FD3D6E2B-9D37-4EDD-9BFC-92BD92192D6C}.Debug|Any CPU.Build.0 = Debug|Any CPU
		{FD3D6E2B-9D37-4EDD-9BFC-92BD92192D6C}.Release|Any CPU.ActiveCfg = Release|Any CPU
		{FD3D6E2B-9D37-4EDD-9BFC-92BD92192D6C}.Release|Any CPU.Build.0 = Release|Any CPU
	EndGlobalSection
	GlobalSection(SolutionProperties) = preSolution
		HideSolutionNode = FALSE
	EndGlobalSection
	GlobalSection(ExtensibilityGlobals) = postSolution
		SolutionGuid = {66F4328E-F2CC-4CE8-AC48-77E59227F7A2}
	EndGlobalSection
EndGlobal
