
Microsoft Visual Studio Solution File, Format Version 12.00
# Visual Studio Version 17
VisualStudioVersion = 17.14.36429.23 d17.14
MinimumVisualStudioVersion = 10.0.40219.1
Project("{FAE04EC0-301F-11D3-BF4B-00C04F79EFBC}") = "Laboratorio15", "Laboratorio15\Laboratorio15.csproj", "{5EAAF11D-4D33-4FEB-A60C-78907A289F97}"
EndProject
Project("{FAE04EC0-301F-11D3-BF4B-00C04F79EFBC}") = "Laboratorio152", "Laboratorio152\Laboratorio152.csproj", "{987A23BF-4BED-4401-A886-7D3AAAD7765F}"
EndProject
Project("{FAE04EC0-301F-11D3-BF4B-00C04F79EFBC}") = "Laboratorio153", "Laboratorio153\Laboratorio153.csproj", "{E3EFF563-4007-4EC7-81C1-8B3B5239F758}"
EndProject
Project("{FAE04EC0-301F-11D3-BF4B-00C04F79EFBC}") = "Laboratorio154", "Laboratorio154\Laboratorio154.csproj", "{6F1A7451-C653-4371-9255-C0013E747BCC}"
EndProject
Global
	GlobalSection(SolutionConfigurationPlatforms) = preSolution
		Debug|Any CPU = Debug|Any CPU
		Release|Any CPU = Release|Any CPU
	EndGlobalSection
	GlobalSection(ProjectConfigurationPlatforms) = postSolution
		{5EAAF11D-4D33-4FEB-A60C-78907A289F97}.Debug|Any CPU.ActiveCfg = Debug|Any CPU
		{5EAAF11D-4D33-4FEB-A60C-78907A289F97}.Debug|Any CPU.Build.0 = Debug|Any CPU
		{5EAAF11D-4D33-4FEB-A60C-78907A289F97}.Release|Any CPU.ActiveCfg = Release|Any CPU
		{5EAAF11D-4D33-4FEB-A60C-78907A289F97}.Release|Any CPU.Build.0 = Release|Any CPU
		{987A23BF-4BED-4401-A886-7D3AAAD7765F}.Debug|Any CPU.ActiveCfg = Debug|Any CPU
		{987A23BF-4BED-4401-A886-7D3AAAD7765F}.Debug|Any CPU.Build.0 = Debug|Any CPU
		{987A23BF-4BED-4401-A886-7D3AAAD7765F}.Release|Any CPU.ActiveCfg = Release|Any CPU
		{987A23BF-4BED-4401-A886-7D3AAAD7765F}.Release|Any CPU.Build.0 = Release|Any CPU
		{E3EFF563-4007-4EC7-81C1-8B3B5239F758}.Debug|Any CPU.ActiveCfg = Debug|Any CPU
		{E3EFF563-4007-4EC7-81C1-8B3B5239F758}.Debug|Any CPU.Build.0 = Debug|Any CPU
		{E3EFF563-4007-4EC7-81C1-8B3B5239F758}.Release|Any CPU.ActiveCfg = Release|Any CPU
		{E3EFF563-4007-4EC7-81C1-8B3B5239F758}.Release|Any CPU.Build.0 = Release|Any CPU
		{6F1A7451-C653-4371-9255-C0013E747BCC}.Debug|Any CPU.ActiveCfg = Debug|Any CPU
		{6F1A7451-C653-4371-9255-C0013E747BCC}.Debug|Any CPU.Build.0 = Debug|Any CPU
		{6F1A7451-C653-4371-9255-C0013E747BCC}.Release|Any CPU.ActiveCfg = Release|Any CPU
		{6F1A7451-C653-4371-9255-C0013E747BCC}.Release|Any CPU.Build.0 = Release|Any CPU
	EndGlobalSection
	GlobalSection(SolutionProperties) = preSolution
		HideSolutionNode = FALSE
	EndGlobalSection
	GlobalSection(ExtensibilityGlobals) = postSolution
		SolutionGuid = {2D8B648D-09D4-4C09-B226-F89FADB6A154}
	EndGlobalSection
EndGlobal
