
Microsoft Visual Studio Solution File, Format Version 12.00
# Visual Studio Version 17
VisualStudioVersion = 17.14.36429.23 d17.14
MinimumVisualStudioVersion = 10.0.40219.1
Project("{FAE04EC0-301F-11D3-BF4B-00C04F79EFBC}") = "Laboratorio13", "Laboratorio13\Laboratorio13.csproj", "{E0F658FE-7F13-4BDA-8E97-9D4A199612B1}"
EndProject
Global
	GlobalSection(SolutionConfigurationPlatforms) = preSolution
		Debug|Any CPU = Debug|Any CPU
		Release|Any CPU = Release|Any CPU
	EndGlobalSection
	GlobalSection(ProjectConfigurationPlatforms) = postSolution
		{E0F658FE-7F13-4BDA-8E97-9D4A199612B1}.Debug|Any CPU.ActiveCfg = Debug|Any CPU
		{E0F658FE-7F13-4BDA-8E97-9D4A199612B1}.Debug|Any CPU.Build.0 = Debug|Any CPU
		{E0F658FE-7F13-4BDA-8E97-9D4A199612B1}.Release|Any CPU.ActiveCfg = Release|Any CPU
		{E0F658FE-7F13-4BDA-8E97-9D4A199612B1}.Release|Any CPU.Build.0 = Release|Any CPU
	EndGlobalSection
	GlobalSection(SolutionProperties) = preSolution
		HideSolutionNode = FALSE
	EndGlobalSection
	GlobalSection(ExtensibilityGlobals) = postSolution
		SolutionGuid = {3B5406D1-F91F-4502-B3BD-C2C181BB14BC}
	EndGlobalSection
EndGlobal
